{
  "name": "site",
  "version": "0.0.14-next.3",
  "lockfileVersion": 1,
  "requires": true,
  "dependencies": {
    "preact": {
      "version": "10.5.7",
      "resolved": "https://registry.npmjs.org/preact/-/preact-10.5.7.tgz",
      "integrity": "sha512-4oEpz75t/0UNcwmcsjk+BIcDdk68oao+7kxcpc1hQPNs2Oo3ZL9xFz8UBf350mxk/VEdD41L5b4l2dE3Ug3RYg=="
    }
  }
}
