{
  "name": "microsite",
  "version": "1.1.0-next.6",
  "lockfileVersion": 1,
  "requires": true,
  "dependencies": {
    "preact": {
      "version": "10.5.10",
      "resolved": "https://registry.npmjs.org/preact/-/preact-10.5.10.tgz",
      "integrity": "sha512-A6SITnHaj5CS4JPLVroQDNOEozq4Y0B4yQSGHLznxHe66Jb2DvoeTEibLjXmfeofgQE3BZ2zurltBIapzCMlwg=="
<<<<<<< HEAD
=======
    },
    "preact-render-to-string": {
      "version": "5.1.11",
      "resolved": "https://registry.npmjs.org/preact-render-to-string/-/preact-render-to-string-5.1.11.tgz",
      "integrity": "sha512-8DXkx8WzeUexYyh9ZjlBSsqcJVOndidw10t1MK1gLx6at4QxQE3RfqaObPgy5WOnw2piyh9kanNB7w7+dmaq4g==",
      "requires": {
        "pretty-format": "^3.8.0"
      }
    },
    "pretty-format": {
      "version": "3.8.0",
      "resolved": "https://registry.npmjs.org/pretty-format/-/pretty-format-3.8.0.tgz",
      "integrity": "sha1-v77VbV6ad2ZF9LH/eqGjrE+jw4U="
    },
    "promise-inflight": {
      "version": "1.0.1",
      "resolved": "https://registry.npmjs.org/promise-inflight/-/promise-inflight-1.0.1.tgz",
      "integrity": "sha1-mEcocL8igTL8vdhoEputEsPAKeM="
    },
    "pump": {
      "version": "3.0.0",
      "resolved": "https://registry.npmjs.org/pump/-/pump-3.0.0.tgz",
      "integrity": "sha512-LwZy+p3SFs1Pytd/jYct4wpv49HiYCqd9Rlc5ZVdk0V+8Yzv6jR5Blk3TRmPL1ft69TxP0IMZGJ+WPFU2BFhww==",
      "requires": {
        "end-of-stream": "^1.1.0",
        "once": "^1.3.1"
      }
    },
    "q": {
      "version": "1.5.1",
      "resolved": "https://registry.npmjs.org/q/-/q-1.5.1.tgz",
      "integrity": "sha1-fjL3W0E4EpHQRhHxvxQQmsAGUdc="
    },
    "query-string": {
      "version": "6.13.7",
      "resolved": "https://registry.npmjs.org/query-string/-/query-string-6.13.7.tgz",
      "integrity": "sha512-CsGs8ZYb39zu0WLkeOhe0NMePqgYdAuCqxOYKDR5LVCytDZYMGx3Bb+xypvQvPHVPijRXB0HZNFllCzHRe4gEA==",
      "requires": {
        "decode-uri-component": "^0.2.0",
        "split-on-first": "^1.0.0",
        "strict-uri-encode": "^2.0.0"
      }
    },
    "resolve": {
      "version": "1.19.0",
      "resolved": "https://registry.npmjs.org/resolve/-/resolve-1.19.0.tgz",
      "integrity": "sha512-rArEXAgsBG4UgRGcynxWIWKFvh/XZCcS8UJdHhwy91zwAvCZIbcs+vAbflgBnNjYMs/i/i+/Ux6IZhML1yPvxg==",
      "requires": {
        "is-core-module": "^2.1.0",
        "path-parse": "^1.0.6"
      }
    },
    "resolve-from": {
      "version": "4.0.0",
      "resolved": "https://registry.npmjs.org/resolve-from/-/resolve-from-4.0.0.tgz",
      "integrity": "sha512-pb/MYmXstAkysRFx8piNI1tGFNQIFA3vkE3Gq4EuA1dF6gHp/+vgZqsCGJapvy8N3Q+4o7FwvquPJcnZ7RYy4g=="
    },
    "reusify": {
      "version": "1.0.4",
      "resolved": "https://registry.npmjs.org/reusify/-/reusify-1.0.4.tgz",
      "integrity": "sha512-U9nH88a3fc/ekCF1l0/UP1IosiuIjyTh7hBvXVMHYgVcfGvt897Xguj2UOLDeI5BG2m7/uwyaLVT6fbtCwTyzw=="
    },
    "rgb-regex": {
      "version": "1.0.1",
      "resolved": "https://registry.npmjs.org/rgb-regex/-/rgb-regex-1.0.1.tgz",
      "integrity": "sha1-wODWiC3w4jviVKR16O3UGRX+rrE="
    },
    "rgba-regex": {
      "version": "1.0.0",
      "resolved": "https://registry.npmjs.org/rgba-regex/-/rgba-regex-1.0.0.tgz",
      "integrity": "sha1-QzdOLiyglosO8VI0YLfXMP8i7rM="
    },
    "rimraf": {
      "version": "3.0.2",
      "resolved": "https://registry.npmjs.org/rimraf/-/rimraf-3.0.2.tgz",
      "integrity": "sha512-JZkJMZkAGFFPP2YqXZXPbMlMBgsxzE8ILs4lMIX/2o0L9UBw9O/Y3o6wFw/i9YLapcUJWwqbi3kdxIPdC62TIA==",
      "requires": {
        "glob": "^7.1.3"
      }
    },
    "rollup": {
      "version": "2.33.2",
      "resolved": "https://registry.npmjs.org/rollup/-/rollup-2.33.2.tgz",
      "integrity": "sha512-QPQ6/fWCrzHtSXkI269rhKaC7qXGghYBwXU04b1JsDZ6ibZa3DJ9D1SFAYRMgx1inDg0DaTbb3N4Z1NK/r3fhw==",
      "requires": {
        "fsevents": "~2.1.2"
      }
    },
    "rollup-plugin-styles": {
      "version": "3.11.0",
      "resolved": "https://registry.npmjs.org/rollup-plugin-styles/-/rollup-plugin-styles-3.11.0.tgz",
      "integrity": "sha512-rSw6cjoOjW49/qnZvofYASdhpBYESWJjJQbu5YuvOz75WvrBOhBvr0BN9A7DUexZs5PqSbQ/ucp4vI0TfBZ8RA==",
      "requires": {
        "@rollup/pluginutils": "^4.0.0",
        "@types/cssnano": "^4.0.0",
        "cosmiconfig": "^7.0.0",
        "cssnano": "^4.1.10",
        "fs-extra": "^9.0.1",
        "icss-utils": "^5.0.0-rc.0",
        "mime-types": "^2.1.27",
        "p-queue": "^6.6.1",
        "postcss": "^8.1.1",
        "postcss-modules-extract-imports": "^3.0.0-rc.1",
        "postcss-modules-local-by-default": "^4.0.0-rc.3",
        "postcss-modules-scope": "^3.0.0-rc.1",
        "postcss-modules-values": "^4.0.0-rc.4",
        "postcss-value-parser": "^4.1.0",
        "query-string": "^6.13.5",
        "resolve": "^1.17.0",
        "source-map": "^0.7.3",
        "tslib": "^2.0.3"
      },
      "dependencies": {
        "@rollup/pluginutils": {
          "version": "4.1.0",
          "resolved": "https://registry.npmjs.org/@rollup/pluginutils/-/pluginutils-4.1.0.tgz",
          "integrity": "sha512-TrBhfJkFxA+ER+ew2U2/fHbebhLT/l/2pRk0hfj9KusXUuRXd2v0R58AfaZK9VXDQ4TogOSEmICVrQAA3zFnHQ==",
          "requires": {
            "estree-walker": "^2.0.1",
            "picomatch": "^2.2.2"
          }
        },
        "source-map": {
          "version": "0.7.3",
          "resolved": "https://registry.npmjs.org/source-map/-/source-map-0.7.3.tgz",
          "integrity": "sha512-CkCj6giN3S+n9qrYiBTX5gystlENnRW5jZeNLHpe6aue+SrHcG5VYwujhW9s4dY31mEGsxBDrHR6oI69fTXsaQ=="
        }
      }
    },
    "run-parallel": {
      "version": "1.1.10",
      "resolved": "https://registry.npmjs.org/run-parallel/-/run-parallel-1.1.10.tgz",
      "integrity": "sha512-zb/1OuZ6flOlH6tQyMPUrE3x3Ulxjlo9WIVXR4yVYi4H9UXQaeIsPbLn2R3O3vQCnDKkAl2qHiuocKKX4Tz/Sw=="
    },
    "safe-buffer": {
      "version": "5.1.2",
      "resolved": "https://registry.npmjs.org/safe-buffer/-/safe-buffer-5.1.2.tgz",
      "integrity": "sha512-Gd2UZBJDkXlY7GbJxfsE8/nvKkUEU1G38c1siN6QP6a9PT9MmHB8GnpscSmMJSoF8LOIrt8ud/wPtojys4G6+g=="
    },
    "sax": {
      "version": "1.2.4",
      "resolved": "https://registry.npmjs.org/sax/-/sax-1.2.4.tgz",
      "integrity": "sha512-NqVDv9TpANUjFm0N8uM5GxL36UgKi9/atZw+x7YFnQ8ckwFGKrl4xX4yWtrey3UJm5nP1kUbnYgLopqWNSRhWw=="
    },
    "semver": {
      "version": "5.7.1",
      "resolved": "https://registry.npmjs.org/semver/-/semver-5.7.1.tgz",
      "integrity": "sha512-sauaDf/PZdVgrLTNYHRtpXa1iRiKcaebiKQ1BJdpQlWH2lCvexQdX55snPFyK7QzpudqbCI0qXFfOasHdyNDGQ=="
    },
    "shebang-command": {
      "version": "2.0.0",
      "resolved": "https://registry.npmjs.org/shebang-command/-/shebang-command-2.0.0.tgz",
      "integrity": "sha512-kHxr2zZpYtdmrN1qDjrrX/Z1rR1kG8Dx+gkpK1G4eXmvXswmcE1hTWBWYUzlraYw1/yZp6YuDY77YtvbN0dmDA==",
      "requires": {
        "shebang-regex": "^3.0.0"
      }
    },
    "shebang-regex": {
      "version": "3.0.0",
      "resolved": "https://registry.npmjs.org/shebang-regex/-/shebang-regex-3.0.0.tgz",
      "integrity": "sha512-7++dFhtcx3353uBaq8DDR4NuxBetBzC7ZQOhmTQInHEd6bSrXdiEyzCvG07Z44UYdLShWUyXt5M/yhz8ekcb1A=="
    },
    "signal-exit": {
      "version": "3.0.3",
      "resolved": "https://registry.npmjs.org/signal-exit/-/signal-exit-3.0.3.tgz",
      "integrity": "sha512-VUJ49FC8U1OxwZLxIbTTrDvLnf/6TDgxZcK8wxR8zs13xpx7xbG60ndBlhNrFi2EMuFRoeDoJO7wthSLq42EjA=="
    },
    "simple-swizzle": {
      "version": "0.2.2",
      "resolved": "https://registry.npmjs.org/simple-swizzle/-/simple-swizzle-0.2.2.tgz",
      "integrity": "sha1-pNprY1/8zMoz9w0Xy5JZLeleVXo=",
      "requires": {
        "is-arrayish": "^0.3.1"
      },
      "dependencies": {
        "is-arrayish": {
          "version": "0.3.2",
          "resolved": "https://registry.npmjs.org/is-arrayish/-/is-arrayish-0.3.2.tgz",
          "integrity": "sha512-eVRqCvVlZbuw3GrM63ovNSNAeA1K16kaR/LRY/92w0zxQ5/1YzwblUX652i4Xs9RwAGjW9d9y6X88t8OaAJfWQ=="
        }
      }
    },
    "sirv": {
      "version": "1.0.10",
      "resolved": "https://registry.npmjs.org/sirv/-/sirv-1.0.10.tgz",
      "integrity": "sha512-H5EZCoZaggEUQy8ocKsF7WAToGuZhjJlLvM3XOef46CbdIgbNeQ1p32N1PCuCjkVYwrAVOSMacN6CXXgIzuspg==",
      "requires": {
        "@polka/url": "^1.0.0-next.9",
        "mime": "^2.3.1",
        "totalist": "^1.0.0"
      },
      "dependencies": {
        "@polka/url": {
          "version": "1.0.0-next.11",
          "resolved": "https://registry.npmjs.org/@polka/url/-/url-1.0.0-next.11.tgz",
          "integrity": "sha512-3NsZsJIA/22P3QUyrEDNA2D133H4j224twJrdipXN38dpnIOzAbUDtOwkcJ5pXmn75w7LSQDjA4tO9dm1XlqlA=="
        }
      }
    },
    "slash": {
      "version": "3.0.0",
      "resolved": "https://registry.npmjs.org/slash/-/slash-3.0.0.tgz",
      "integrity": "sha512-g9Q1haeby36OSStwb4ntCGGGaKsaVSjQ68fBxoQcutl5fS1vuY18H3wSt3jFyFtrkx+Kz0V1G85A4MyAdDMi2Q=="
    },
    "snowpack": {
      "version": "3.0.11",
      "resolved": "https://registry.npmjs.org/snowpack/-/snowpack-3.0.11.tgz",
      "integrity": "sha512-lBxgkvWTgdg0szE31JUt01wQkA9Lnmm+6lxqeV9rxDfflpx7ASnldVHFvu7Se70QJmPTQB0UJjfKI+xmYGwiiQ==",
      "requires": {
        "esbuild": "^0.8.7",
        "fsevents": "^2.2.0",
        "open": "^7.0.4",
        "rollup": "^2.34.0"
      },
      "dependencies": {
        "fsevents": {
          "version": "2.3.1",
          "resolved": "https://registry.npmjs.org/fsevents/-/fsevents-2.3.1.tgz",
          "integrity": "sha512-YR47Eg4hChJGAB1O3yEAOkGO+rlzutoICGqGo9EZ4lKWokzZRSyIW1QmTzqjtw8MJdj9srP869CuWw/hyzSiBw==",
          "optional": true
        },
        "rollup": {
          "version": "2.38.0",
          "resolved": "https://registry.npmjs.org/rollup/-/rollup-2.38.0.tgz",
          "integrity": "sha512-ay9zDiNitZK/LNE/EM2+v5CZ7drkB2xyDljvb1fQJCGnq43ZWRkhxN145oV8GmoW1YNi4sA/1Jdkr2LfawJoXw==",
          "requires": {
            "fsevents": "~2.1.2"
          },
          "dependencies": {
            "fsevents": {
              "version": "2.1.3",
              "resolved": "https://registry.npmjs.org/fsevents/-/fsevents-2.1.3.tgz",
              "integrity": "sha512-Auw9a4AxqWpa9GUfj370BMPzzyncfBABW8Mab7BGWBYDj4Isgq+cDKtx0i6u9jcX9pQDnswsaaOTgTmA5pEjuQ==",
              "optional": true
            }
          }
        }
      }
    },
    "source-map": {
      "version": "0.6.1",
      "resolved": "https://registry.npmjs.org/source-map/-/source-map-0.6.1.tgz",
      "integrity": "sha512-UjgapumWlbMhkBgzT7Ykc5YXUT46F0iKu8SGXq0bcwP5dz/h0Plj6enJqjz1Zbq2l5WaqYnrVbwWOWMyF3F47g=="
    },
    "split-on-first": {
      "version": "1.1.0",
      "resolved": "https://registry.npmjs.org/split-on-first/-/split-on-first-1.1.0.tgz",
      "integrity": "sha512-43ZssAJaMusuKWL8sKUBQXHWOpq8d6CfN/u1p4gUzfJkM05C8rxTmYrkIPTXapZpORA6LkkzcUulJ8FqA7Uudw=="
    },
    "sprintf-js": {
      "version": "1.0.3",
      "resolved": "https://registry.npmjs.org/sprintf-js/-/sprintf-js-1.0.3.tgz",
      "integrity": "sha1-BOaSb2YolTVPPdAVIDYzuFcpfiw="
    },
    "ssri": {
      "version": "8.0.0",
      "resolved": "https://registry.npmjs.org/ssri/-/ssri-8.0.0.tgz",
      "integrity": "sha512-aq/pz989nxVYwn16Tsbj1TqFpD5LLrQxHf5zaHuieFV+R0Bbr4y8qUsOA45hXT/N4/9UNXTarBjnjVmjSOVaAA==",
      "requires": {
        "minipass": "^3.1.1"
      }
    },
    "stable": {
      "version": "0.1.8",
      "resolved": "https://registry.npmjs.org/stable/-/stable-0.1.8.tgz",
      "integrity": "sha512-ji9qxRnOVfcuLDySj9qzhGSEFVobyt1kIOSkj1qZzYLzq7Tos/oUUWvotUPQLlrsidqsK6tBH89Bc9kL5zHA6w=="
    },
    "strict-uri-encode": {
      "version": "2.0.0",
      "resolved": "https://registry.npmjs.org/strict-uri-encode/-/strict-uri-encode-2.0.0.tgz",
      "integrity": "sha1-ucczDHBChi9rFC3CdLvMWGbONUY="
    },
    "string.prototype.trimend": {
      "version": "1.0.2",
      "resolved": "https://registry.npmjs.org/string.prototype.trimend/-/string.prototype.trimend-1.0.2.tgz",
      "integrity": "sha512-8oAG/hi14Z4nOVP0z6mdiVZ/wqjDtWSLygMigTzAb+7aPEDTleeFf+WrF+alzecxIRkckkJVn+dTlwzJXORATw==",
      "requires": {
        "define-properties": "^1.1.3",
        "es-abstract": "^1.18.0-next.1"
      },
      "dependencies": {
        "es-abstract": {
          "version": "1.18.0-next.1",
          "resolved": "https://registry.npmjs.org/es-abstract/-/es-abstract-1.18.0-next.1.tgz",
          "integrity": "sha512-I4UGspA0wpZXWENrdA0uHbnhte683t3qT/1VFH9aX2dA5PPSf6QW5HHXf5HImaqPmjXaVeVk4RGWnaylmV7uAA==",
          "requires": {
            "es-to-primitive": "^1.2.1",
            "function-bind": "^1.1.1",
            "has": "^1.0.3",
            "has-symbols": "^1.0.1",
            "is-callable": "^1.2.2",
            "is-negative-zero": "^2.0.0",
            "is-regex": "^1.1.1",
            "object-inspect": "^1.8.0",
            "object-keys": "^1.1.1",
            "object.assign": "^4.1.1",
            "string.prototype.trimend": "^1.0.1",
            "string.prototype.trimstart": "^1.0.1"
          }
        }
      }
    },
    "string.prototype.trimstart": {
      "version": "1.0.2",
      "resolved": "https://registry.npmjs.org/string.prototype.trimstart/-/string.prototype.trimstart-1.0.2.tgz",
      "integrity": "sha512-7F6CdBTl5zyu30BJFdzSTlSlLPwODC23Od+iLoVH8X6+3fvDPPuBVVj9iaB1GOsSTSIgVfsfm27R2FGrAPznWg==",
      "requires": {
        "define-properties": "^1.1.3",
        "es-abstract": "^1.18.0-next.1"
      },
      "dependencies": {
        "es-abstract": {
          "version": "1.18.0-next.1",
          "resolved": "https://registry.npmjs.org/es-abstract/-/es-abstract-1.18.0-next.1.tgz",
          "integrity": "sha512-I4UGspA0wpZXWENrdA0uHbnhte683t3qT/1VFH9aX2dA5PPSf6QW5HHXf5HImaqPmjXaVeVk4RGWnaylmV7uAA==",
          "requires": {
            "es-to-primitive": "^1.2.1",
            "function-bind": "^1.1.1",
            "has": "^1.0.3",
            "has-symbols": "^1.0.1",
            "is-callable": "^1.2.2",
            "is-negative-zero": "^2.0.0",
            "is-regex": "^1.1.1",
            "object-inspect": "^1.8.0",
            "object-keys": "^1.1.1",
            "object.assign": "^4.1.1",
            "string.prototype.trimend": "^1.0.1",
            "string.prototype.trimstart": "^1.0.1"
          }
        }
      }
    },
    "strip-final-newline": {
      "version": "2.0.0",
      "resolved": "https://registry.npmjs.org/strip-final-newline/-/strip-final-newline-2.0.0.tgz",
      "integrity": "sha512-BrpvfNAE3dcvq7ll3xVumzjKjZQ5tI1sEUIKr3Uoks0XUl45St3FlatVqef9prk4jRDzhW6WZg+3bk93y6pLjA=="
    },
    "stylehacks": {
      "version": "4.0.3",
      "resolved": "https://registry.npmjs.org/stylehacks/-/stylehacks-4.0.3.tgz",
      "integrity": "sha512-7GlLk9JwlElY4Y6a/rmbH2MhVlTyVmiJd1PfTCqFaIBEGMYNsrO/v3SeGTdhBThLg4Z+NbOk/qFMwCa+J+3p/g==",
      "requires": {
        "browserslist": "^4.0.0",
        "postcss": "^7.0.0",
        "postcss-selector-parser": "^3.0.0"
      },
      "dependencies": {
        "postcss": {
          "version": "7.0.35",
          "resolved": "https://registry.npmjs.org/postcss/-/postcss-7.0.35.tgz",
          "integrity": "sha512-3QT8bBJeX/S5zKTTjTCIjRF3If4avAT6kqxcASlTWEtAFCb9NH0OUxNDfgZSWdP5fJnBYCMEWkIFfWeugjzYMg==",
          "requires": {
            "chalk": "^2.4.2",
            "source-map": "^0.6.1",
            "supports-color": "^6.1.0"
          }
        },
        "postcss-selector-parser": {
          "version": "3.1.2",
          "resolved": "https://registry.npmjs.org/postcss-selector-parser/-/postcss-selector-parser-3.1.2.tgz",
          "integrity": "sha512-h7fJ/5uWuRVyOtkO45pnt1Ih40CEleeyCHzipqAZO2e5H20g25Y48uYnFUiShvY4rZWNJ/Bib/KVPmanaCtOhA==",
          "requires": {
            "dot-prop": "^5.2.0",
            "indexes-of": "^1.0.1",
            "uniq": "^1.0.1"
          }
        }
      }
    },
    "supports-color": {
      "version": "6.1.0",
      "resolved": "https://registry.npmjs.org/supports-color/-/supports-color-6.1.0.tgz",
      "integrity": "sha512-qe1jfm1Mg7Nq/NSh6XE24gPXROEVsWHxC1LIx//XNlD9iw7YZQGjZNjYN7xGaEG6iKdA8EtNFW6R0gjnVXp+wQ==",
      "requires": {
        "has-flag": "^3.0.0"
      }
    },
    "svgo": {
      "version": "1.3.2",
      "resolved": "https://registry.npmjs.org/svgo/-/svgo-1.3.2.tgz",
      "integrity": "sha512-yhy/sQYxR5BkC98CY7o31VGsg014AKLEPxdfhora76l36hD9Rdy5NZA/Ocn6yayNPgSamYdtX2rFJdcv07AYVw==",
      "requires": {
        "chalk": "^2.4.1",
        "coa": "^2.0.2",
        "css-select": "^2.0.0",
        "css-select-base-adapter": "^0.1.1",
        "css-tree": "1.0.0-alpha.37",
        "csso": "^4.0.2",
        "js-yaml": "^3.13.1",
        "mkdirp": "~0.5.1",
        "object.values": "^1.1.0",
        "sax": "~1.2.4",
        "stable": "^0.1.8",
        "unquote": "~1.1.1",
        "util.promisify": "~1.0.0"
      }
    },
    "tar": {
      "version": "6.0.5",
      "resolved": "https://registry.npmjs.org/tar/-/tar-6.0.5.tgz",
      "integrity": "sha512-0b4HOimQHj9nXNEAA7zWwMM91Zhhba3pspja6sQbgTpynOJf+bkjBnfybNYzbpLbnwXnbyB4LOREvlyXLkCHSg==",
      "requires": {
        "chownr": "^2.0.0",
        "fs-minipass": "^2.0.0",
        "minipass": "^3.0.0",
        "minizlib": "^2.1.1",
        "mkdirp": "^1.0.3",
        "yallist": "^4.0.0"
      },
      "dependencies": {
        "mkdirp": {
          "version": "1.0.4",
          "resolved": "https://registry.npmjs.org/mkdirp/-/mkdirp-1.0.4.tgz",
          "integrity": "sha512-vVqVZQyf3WLx2Shd0qJ9xuvqgAyKPLAiqITEtqW0oIUjzo3PePDd6fW9iFz30ef7Ysp/oiWqbhszeGWW2T6Gzw=="
        }
      }
    },
    "timsort": {
      "version": "0.3.0",
      "resolved": "https://registry.npmjs.org/timsort/-/timsort-0.3.0.tgz",
      "integrity": "sha1-QFQRqOfmM5/mTbmiNN4R3DHgK9Q="
    },
    "to-fast-properties": {
      "version": "2.0.0",
      "resolved": "https://registry.npmjs.org/to-fast-properties/-/to-fast-properties-2.0.0.tgz",
      "integrity": "sha1-3F5pjL0HkmW8c+A3doGk5Og/YW4="
    },
    "to-regex-range": {
      "version": "5.0.1",
      "resolved": "https://registry.npmjs.org/to-regex-range/-/to-regex-range-5.0.1.tgz",
      "integrity": "sha512-65P7iz6X5yEr1cwcgvQxbbIw7Uk3gOy5dIdtZ4rDveLqhrdJP+Li/Hx6tyK0NEb+2GCyneCMJiGqrADCSNk8sQ==",
      "requires": {
        "is-number": "^7.0.0"
      }
    },
    "totalist": {
      "version": "1.1.0",
      "resolved": "https://registry.npmjs.org/totalist/-/totalist-1.1.0.tgz",
      "integrity": "sha512-gduQwd1rOdDMGxFG1gEvhV88Oirdo2p+KjoYFU7k2g+i7n6AFFbDQ5kMPUsW0pNbfQsB/cwXvT1i4Bue0s9g5g=="
    },
    "trouter": {
      "version": "2.0.1",
      "resolved": "https://registry.npmjs.org/trouter/-/trouter-2.0.1.tgz",
      "integrity": "sha512-kr8SKKw94OI+xTGOkfsvwZQ8mWoikZDd2n8XZHjJVZUARZT+4/VV6cacRS6CLsH9bNm+HFIPU1Zx4CnNnb4qlQ==",
      "requires": {
        "matchit": "^1.0.0"
      }
    },
    "tslib": {
      "version": "2.0.3",
      "resolved": "https://registry.npmjs.org/tslib/-/tslib-2.0.3.tgz",
      "integrity": "sha512-uZtkfKblCEQtZKBF6EBXVZeQNl82yqtDQdv+eck8u7tdPxjLu2/lp5/uPW+um2tpuxINHWy3GhiccY7QgEaVHQ=="
    },
    "uniq": {
      "version": "1.0.1",
      "resolved": "https://registry.npmjs.org/uniq/-/uniq-1.0.1.tgz",
      "integrity": "sha1-sxxa6CVIRKOoKBVBzisEuGWnNP8="
    },
    "uniqs": {
      "version": "2.0.0",
      "resolved": "https://registry.npmjs.org/uniqs/-/uniqs-2.0.0.tgz",
      "integrity": "sha1-/+3ks2slKQaW5uFl1KWe25mOawI="
    },
    "unique-filename": {
      "version": "1.1.1",
      "resolved": "https://registry.npmjs.org/unique-filename/-/unique-filename-1.1.1.tgz",
      "integrity": "sha512-Vmp0jIp2ln35UTXuryvjzkjGdRyf9b2lTXuSYUiPmzRcl3FDtYqAwOnTJkAngD9SWhnoJzDbTKwaOrZ+STtxNQ==",
      "requires": {
        "unique-slug": "^2.0.0"
      }
    },
    "unique-slug": {
      "version": "2.0.2",
      "resolved": "https://registry.npmjs.org/unique-slug/-/unique-slug-2.0.2.tgz",
      "integrity": "sha512-zoWr9ObaxALD3DOPfjPSqxt4fnZiWblxHIgeWqW8x7UqDzEtHEQLzji2cuJYQFCU6KmoJikOYAZlrTHHebjx2w==",
      "requires": {
        "imurmurhash": "^0.1.4"
      }
    },
    "universalify": {
      "version": "1.0.0",
      "resolved": "https://registry.npmjs.org/universalify/-/universalify-1.0.0.tgz",
      "integrity": "sha512-rb6X1W158d7pRQBg5gkR8uPaSfiids68LTJQYOtEUhoJUWBdaQHsuT/EUduxXYxcrt4r5PJ4fuHW1MHT6p0qug=="
    },
    "unquote": {
      "version": "1.1.1",
      "resolved": "https://registry.npmjs.org/unquote/-/unquote-1.1.1.tgz",
      "integrity": "sha1-j97XMk7G6IoP+LkF58CYzcCG1UQ="
    },
    "util-deprecate": {
      "version": "1.0.2",
      "resolved": "https://registry.npmjs.org/util-deprecate/-/util-deprecate-1.0.2.tgz",
      "integrity": "sha1-RQ1Nyfpw3nMnYvvS1KKJgUGaDM8="
    },
    "util.promisify": {
      "version": "1.0.1",
      "resolved": "https://registry.npmjs.org/util.promisify/-/util.promisify-1.0.1.tgz",
      "integrity": "sha512-g9JpC/3He3bm38zsLupWryXHoEcS22YHthuPQSJdMy6KNrzIRzWqcsHzD/WUnqe45whVou4VIsPew37DoXWNrA==",
      "requires": {
        "define-properties": "^1.1.3",
        "es-abstract": "^1.17.2",
        "has-symbols": "^1.0.1",
        "object.getownpropertydescriptors": "^2.1.0"
      }
    },
    "vendors": {
      "version": "1.0.4",
      "resolved": "https://registry.npmjs.org/vendors/-/vendors-1.0.4.tgz",
      "integrity": "sha512-/juG65kTL4Cy2su4P8HjtkTxk6VmJDiOPBufWniqQ6wknac6jNiXS9vU+hO3wgusiyqWlzTbVHi0dyJqRONg3w=="
    },
    "which": {
      "version": "2.0.2",
      "resolved": "https://registry.npmjs.org/which/-/which-2.0.2.tgz",
      "integrity": "sha512-BLI3Tl1TW3Pvl70l3yq3Y64i+awpwXqsGBYWkkqMtnbXgrMD+yj7rhW0kuEDxzJaYXGjEW5ogapKNMEKNMjibA==",
      "requires": {
        "isexe": "^2.0.0"
      }
    },
    "wrappy": {
      "version": "1.0.2",
      "resolved": "https://registry.npmjs.org/wrappy/-/wrappy-1.0.2.tgz",
      "integrity": "sha1-tSQ9jz7BqjXxNkYFvA0QNuMKtp8="
    },
    "yallist": {
      "version": "4.0.0",
      "resolved": "https://registry.npmjs.org/yallist/-/yallist-4.0.0.tgz",
      "integrity": "sha512-3wdGidZyq5PB084XLES5TpOSRA3wjXAlIWMhum2kRcv/41Sn2emQ0dycQW4uZXLejwKvg6EsvbdlVL+FYEct7A=="
    },
    "yaml": {
      "version": "1.10.0",
      "resolved": "https://registry.npmjs.org/yaml/-/yaml-1.10.0.tgz",
      "integrity": "sha512-yr2icI4glYaNG+KWONODapy2/jDdMSDnrONSjblABjD9B4Z5LgiircSt8m8sRZFNi08kG9Sm0uSHtEmP3zaEGg=="
>>>>>>> f1fe82f (chore: fixup package-lock files)
    }
  }
}
