{
  "name": "microsite",
  "version": "1.1.0-next.5",
  "lockfileVersion": 1,
  "requires": true,
  "dependencies": {
    "preact": {
      "version": "10.5.10",
      "resolved": "https://registry.npmjs.org/preact/-/preact-10.5.10.tgz",
      "integrity": "sha512-A6SITnHaj5CS4JPLVroQDNOEozq4Y0B4yQSGHLznxHe66Jb2DvoeTEibLjXmfeofgQE3BZ2zurltBIapzCMlwg=="
    }
  }
}
